
Microsoft Visual Studio Solution File, Format Version 12.00
# Visual Studio Version 17
VisualStudioVersion = 17.8.34316.72
MinimumVisualStudioVersion = 10.0.40219.1
Project("{FAE04EC0-301F-11D3-BF4B-00C04F79EFBC}") = "WeatherBackend", "WeatherBackend.csproj", "{F86079F2-783D-4DD7-81FD-3963FC0F1ECD}"
EndProject
Global
	GlobalSection(SolutionConfigurationPlatforms) = preSolution
		Debug|Any CPU = Debug|Any CPU
		Release|Any CPU = Release|Any CPU
	EndGlobalSection
	GlobalSection(ProjectConfigurationPlatforms) = postSolution
		{F86079F2-783D-4DD7-81FD-3963FC0F1ECD}.Debug|Any CPU.ActiveCfg = Debug|Any CPU
		{F86079F2-783D-4DD7-81FD-3963FC0F1ECD}.Debug|Any CPU.Build.0 = Debug|Any CPU
		{F86079F2-783D-4DD7-81FD-3963FC0F1ECD}.Release|Any CPU.ActiveCfg = Release|Any CPU
		{F86079F2-783D-4DD7-81FD-3963FC0F1ECD}.Release|Any CPU.Build.0 = Release|Any CPU
	EndGlobalSection
	GlobalSection(SolutionProperties) = preSolution
		HideSolutionNode = FALSE
	EndGlobalSection
	GlobalSection(ExtensibilityGlobals) = postSolution
		SolutionGuid = {815EA314-3954-4293-9C52-88D798485B92}
	EndGlobalSection
EndGlobal
